
Microsoft Visual Studio Solution File, Format Version 12.00
# Visual Studio Version 17
VisualStudioVersion = 17.14.36310.24
MinimumVisualStudioVersion = 10.0.40219.1
Project("{FAE04EC0-301F-11D3-BF4B-00C04F79EFBC}") = "DevWebSecDemo.WebAPI", "DevWebSecDemo.WebAPI\DevWebSecDemo.WebAPI.csproj", "{6D21CEB6-2CFE-47C5-B3F9-6F8834C744EC}"
EndProject
Project("{FAE04EC0-301F-11D3-BF4B-00C04F79EFBC}") = "DevWebSecDemo.Entities", "DevWebSecDemo.Entities\DevWebSecDemo.Entities.csproj", "{2F6210A6-F701-47B5-9CEA-3EE1EF8997B0}"
EndProject
Project("{FAE04EC0-301F-11D3-BF4B-00C04F79EFBC}") = "DevWebSecDemo.Business", "DevWebSecDemo.Business\DevWebSecDemo.Business.csproj", "{E1BDFAC3-2C87-478E-8B05-508ECA21A670}"
EndProject
Global
	GlobalSection(SolutionConfigurationPlatforms) = preSolution
		Debug|Any CPU = Debug|Any CPU
		Release|Any CPU = Release|Any CPU
	EndGlobalSection
	GlobalSection(ProjectConfigurationPlatforms) = postSolution
		{6D21CEB6-2CFE-47C5-B3F9-6F8834C744EC}.Debug|Any CPU.ActiveCfg = Debug|Any CPU
		{6D21CEB6-2CFE-47C5-B3F9-6F8834C744EC}.Debug|Any CPU.Build.0 = Debug|Any CPU
		{6D21CEB6-2CFE-47C5-B3F9-6F8834C744EC}.Release|Any CPU.ActiveCfg = Release|Any CPU
		{6D21CEB6-2CFE-47C5-B3F9-6F8834C744EC}.Release|Any CPU.Build.0 = Release|Any CPU
		{2F6210A6-F701-47B5-9CEA-3EE1EF8997B0}.Debug|Any CPU.ActiveCfg = Debug|Any CPU
		{2F6210A6-F701-47B5-9CEA-3EE1EF8997B0}.Debug|Any CPU.Build.0 = Debug|Any CPU
		{2F6210A6-F701-47B5-9CEA-3EE1EF8997B0}.Release|Any CPU.ActiveCfg = Release|Any CPU
		{2F6210A6-F701-47B5-9CEA-3EE1EF8997B0}.Release|Any CPU.Build.0 = Release|Any CPU
		{E1BDFAC3-2C87-478E-8B05-508ECA21A670}.Debug|Any CPU.ActiveCfg = Debug|Any CPU
		{E1BDFAC3-2C87-478E-8B05-508ECA21A670}.Debug|Any CPU.Build.0 = Debug|Any CPU
		{E1BDFAC3-2C87-478E-8B05-508ECA21A670}.Release|Any CPU.ActiveCfg = Release|Any CPU
		{E1BDFAC3-2C87-478E-8B05-508ECA21A670}.Release|Any CPU.Build.0 = Release|Any CPU
	EndGlobalSection
	GlobalSection(SolutionProperties) = preSolution
		HideSolutionNode = FALSE
	EndGlobalSection
	GlobalSection(ExtensibilityGlobals) = postSolution
		SolutionGuid = {8F7987C0-D82A-4AF7-8C2D-895E2C21A8F7}
	EndGlobalSection
EndGlobal
